# Generated by buf. DO NOT EDIT.
version: v2
deps:
  - name: buf.build/googleapis/googleapis
    commit: 536964a08a534d51b8f30f2d6751f1f9
    digest: b5:3e05d27e797b00c345fadd3c15cf0e16c4cc693036a55059721e66d6ce22a96264a4897658c9243bb0874fa9ca96e437589eb512189d2754604a626c632f6030
  - name: buf.build/grpc/grpc
    commit: 1730f7242d0f45138a638b7612d46586
    digest: b5:2998161006b920a3e2cadf8855e008a7a5f4922a5ac699695db3e08beac0f3bee5429a71223b645bc5145b9725309768dcd36937be4b886b947994c45320d795
